
Microsoft Visual Studio Solution File, Format Version 12.00
# Visual Studio 2015
Project("{FAE04EC0-301F-11D3-BF4B-00C04F79EFBC}") = "BosonY.CSharp", "BosonY.CSharp.csproj", "{552D3C87-EFD3-CAE1-5727-5032F5FC560A}"
EndProject
Global
	GlobalSection(SolutionConfigurationPlatforms) = preSolution
		Debug|Any CPU = Debug|Any CPU
		Release|Any CPU = Release|Any CPU
	EndGlobalSection
	GlobalSection(ProjectConfigurationPlatforms) = postSolution
		{552D3C87-EFD3-CAE1-5727-5032F5FC560A}.Debug|Any CPU.ActiveCfg = Debug|Any CPU
		{552D3C87-EFD3-CAE1-5727-5032F5FC560A}.Debug|Any CPU.Build.0 = Debug|Any CPU
		{552D3C87-EFD3-CAE1-5727-5032F5FC560A}.Release|Any CPU.ActiveCfg = Release|Any CPU
		{552D3C87-EFD3-CAE1-5727-5032F5FC560A}.Release|Any CPU.Build.0 = Release|Any CPU
	EndGlobalSection
	GlobalSection(SolutionProperties) = preSolution
		HideSolutionNode = FALSE
	EndGlobalSection
EndGlobal
